// !$*UTF8*$!
{
	archiveVersion = 1;
	classes = {
	};
	objectVersion = 50;
	objects = {

/* Begin PBXBuildFile section */
		AA48F25C2189ACE8004F1612 /* ImageMetadata.swift in Sources */ = {isa = PBXBuildFile; fileRef = AA48F25B2189ACE8004F1612 /* ImageMetadata.swift */; };
		AA48F2622189AD18004F1612 /* StubFlickrJsonLoader.swift in Sources */ = {isa = PBXBuildFile; fileRef = AA48F2602189AD18004F1612 /* StubFlickrJsonLoader.swift */; };
		AA48F2652189AD2F004F1612 /* Test.json in Resources */ = {isa = PBXBuildFile; fileRef = AA48F2642189AD2F004F1612 /* Test.json */; };
		AA48F2682189ADD6004F1612 /* FlickrJsonLoader.swift in Sources */ = {isa = PBXBuildFile; fileRef = AA48F2672189ADD6004F1612 /* FlickrJsonLoader.swift */; };
		AA48F26A2189AE4E004F1612 /* GalleryInteractorTests.swift in Sources */ = {isa = PBXBuildFile; fileRef = AA48F2692189AE4E004F1612 /* GalleryInteractorTests.swift */; };
		AA48F26C2189BFA3004F1612 /* StubURLSession.swift in Sources */ = {isa = PBXBuildFile; fileRef = AA48F26B2189BFA3004F1612 /* StubURLSession.swift */; };
		AA48F26E2189C091004F1612 /* FlickrJsonLoaderTests.swift in Sources */ = {isa = PBXBuildFile; fileRef = AA48F26D2189C091004F1612 /* FlickrJsonLoaderTests.swift */; };
		AA48F2732189C7CC004F1612 /* SpySyncDispatcher.swift in Sources */ = {isa = PBXBuildFile; fileRef = AA48F2722189C7CC004F1612 /* SpySyncDispatcher.swift */; };
		AA48F2782189CA5A004F1612 /* DispatcherTests.swift in Sources */ = {isa = PBXBuildFile; fileRef = AA48F2772189CA5A004F1612 /* DispatcherTests.swift */; };
		AA48F27D2189CF30004F1612 /* AppCoordinatorTests.swift in Sources */ = {isa = PBXBuildFile; fileRef = AA48F27C2189CF30004F1612 /* AppCoordinatorTests.swift */; };
		AA48F27F2189D104004F1612 /* AppDelegateTests.swift in Sources */ = {isa = PBXBuildFile; fileRef = AA48F27E2189D104004F1612 /* AppDelegateTests.swift */; };
		AA48F2812189D389004F1612 /* StubAppCoordinator.swift in Sources */ = {isa = PBXBuildFile; fileRef = AA48F2802189D389004F1612 /* StubAppCoordinator.swift */; };
		AA48F2832189DA1E004F1612 /* GalleryViewControllerTests.swift in Sources */ = {isa = PBXBuildFile; fileRef = AA48F2822189DA1E004F1612 /* GalleryViewControllerTests.swift */; };
		AA48F2852189DA34004F1612 /* GalleryPresenterTests.swift in Sources */ = {isa = PBXBuildFile; fileRef = AA48F2842189DA34004F1612 /* GalleryPresenterTests.swift */; };
		AA48F2872189DA87004F1612 /* StubGalleryInteractor.swift in Sources */ = {isa = PBXBuildFile; fileRef = AA48F2862189DA87004F1612 /* StubGalleryInteractor.swift */; };
		AA48F2892189DCFC004F1612 /* StubGalleryView.swift in Sources */ = {isa = PBXBuildFile; fileRef = AA48F2882189DCFC004F1612 /* StubGalleryView.swift */; };
		AA48F28B2189DEEC004F1612 /* StubGalleryPresenter.swift in Sources */ = {isa = PBXBuildFile; fileRef = AA48F28A2189DEEC004F1612 /* StubGalleryPresenter.swift */; };
		AA48F296218A00FF004F1612 /* URLFetchedAsyncImageTests.swift in Sources */ = {isa = PBXBuildFile; fileRef = AA48F295218A00FF004F1612 /* URLFetchedAsyncImageTests.swift */; };
		AA48F298218A0CF1004F1612 /* GalleryImageViewController.swift in Sources */ = {isa = PBXBuildFile; fileRef = AA48F297218A0CF1004F1612 /* GalleryImageViewController.swift */; };
		AA48F29E218A1E5E004F1612 /* Collection+Safe.swift in Sources */ = {isa = PBXBuildFile; fileRef = AA48F29D218A1E5E004F1612 /* Collection+Safe.swift */; };
		AA8228572188FAEA009A0523 /* AppDelegate.swift in Sources */ = {isa = PBXBuildFile; fileRef = AA8228562188FAEA009A0523 /* AppDelegate.swift */; };
		AA8228592188FAEA009A0523 /* GalleryViewController.swift in Sources */ = {isa = PBXBuildFile; fileRef = AA8228582188FAEA009A0523 /* GalleryViewController.swift */; };
		AA82285C2188FAEA009A0523 /* Main.storyboard in Resources */ = {isa = PBXBuildFile; fileRef = AA82285A2188FAEA009A0523 /* Main.storyboard */; };
		AA82285E2188FAEC009A0523 /* Assets.xcassets in Resources */ = {isa = PBXBuildFile; fileRef = AA82285D2188FAEC009A0523 /* Assets.xcassets */; };
		AA8228612188FAEC009A0523 /* LaunchScreen.storyboard in Resources */ = {isa = PBXBuildFile; fileRef = AA82285F2188FAEC009A0523 /* LaunchScreen.storyboard */; };
		AA9325AB218904DA005E69DD /* GalleryInteractor.swift in Sources */ = {isa = PBXBuildFile; fileRef = AA9325AA218904DA005E69DD /* GalleryInteractor.swift */; };
		AA9325B82189097F005E69DD /* GalleryPresenter.swift in Sources */ = {isa = PBXBuildFile; fileRef = AA9325B72189097F005E69DD /* GalleryPresenter.swift */; };
		AA9325BA218909BB005E69DD /* GalleryRouter.swift in Sources */ = {isa = PBXBuildFile; fileRef = AA9325B9218909BB005E69DD /* GalleryRouter.swift */; };
		AA9325BE21890B0A005E69DD /* AppCoordinator.swift in Sources */ = {isa = PBXBuildFile; fileRef = AA9325BD21890B0A005E69DD /* AppCoordinator.swift */; };
		AAFBB3CC218B455400BFF63B /* Dispatcher.swift in Sources */ = {isa = PBXBuildFile; fileRef = AAFBB3CA218B455400BFF63B /* Dispatcher.swift */; };
		AAFBB3CD218B455400BFF63B /* AsyncImage.swift in Sources */ = {isa = PBXBuildFile; fileRef = AAFBB3CB218B455400BFF63B /* AsyncImage.swift */; };
/* End PBXBuildFile section */

/* Begin PBXContainerItemProxy section */
		AA8228682188FAEC009A0523 /* PBXContainerItemProxy */ = {
			isa = PBXContainerItemProxy;
			containerPortal = AA82284B2188FAEA009A0523 /* Project object */;
			proxyType = 1;
			remoteGlobalIDString = AA8228522188FAEA009A0523;
			remoteInfo = FlickrGallery;
		};
/* End PBXContainerItemProxy section */

/* Begin PBXFileReference section */
		AA48F25B2189ACE8004F1612 /* ImageMetadata.swift */ = {isa = PBXFileReference; fileEncoding = 4; lastKnownFileType = sourcecode.swift; path = ImageMetadata.swift; sourceTree = "<group>"; };
		AA48F2602189AD18004F1612 /* StubFlickrJsonLoader.swift */ = {isa = PBXFileReference; fileEncoding = 4; lastKnownFileType = sourcecode.swift; path = StubFlickrJsonLoader.swift; sourceTree = "<group>"; };
		AA48F2642189AD2F004F1612 /* Test.json */ = {isa = PBXFileReference; fileEncoding = 4; lastKnownFileType = text.json; path = Test.json; sourceTree = "<group>"; };
		AA48F2672189ADD6004F1612 /* FlickrJsonLoader.swift */ = {isa = PBXFileReference; fileEncoding = 4; lastKnownFileType = sourcecode.swift; path = FlickrJsonLoader.swift; sourceTree = "<group>"; };
		AA48F2692189AE4E004F1612 /* GalleryInteractorTests.swift */ = {isa = PBXFileReference; fileEncoding = 4; lastKnownFileType = sourcecode.swift; name = GalleryInteractorTests.swift; path = "FlickrGalleryTests/Gallery Screen/GalleryInteractorTests.swift"; sourceTree = SOURCE_ROOT; };
		AA48F26B2189BFA3004F1612 /* StubURLSession.swift */ = {isa = PBXFileReference; fileEncoding = 4; lastKnownFileType = sourcecode.swift; path = StubURLSession.swift; sourceTree = "<group>"; };
		AA48F26D2189C091004F1612 /* FlickrJsonLoaderTests.swift */ = {isa = PBXFileReference; lastKnownFileType = sourcecode.swift; path = FlickrJsonLoaderTests.swift; sourceTree = "<group>"; };
		AA48F2722189C7CC004F1612 /* SpySyncDispatcher.swift */ = {isa = PBXFileReference; lastKnownFileType = sourcecode.swift; path = SpySyncDispatcher.swift; sourceTree = "<group>"; };
		AA48F2772189CA5A004F1612 /* DispatcherTests.swift */ = {isa = PBXFileReference; lastKnownFileType = sourcecode.swift; path = DispatcherTests.swift; sourceTree = "<group>"; };
		AA48F27C2189CF30004F1612 /* AppCoordinatorTests.swift */ = {isa = PBXFileReference; lastKnownFileType = sourcecode.swift; path = AppCoordinatorTests.swift; sourceTree = "<group>"; };
		AA48F27E2189D104004F1612 /* AppDelegateTests.swift */ = {isa = PBXFileReference; lastKnownFileType = sourcecode.swift; path = AppDelegateTests.swift; sourceTree = "<group>"; };
		AA48F2802189D389004F1612 /* StubAppCoordinator.swift */ = {isa = PBXFileReference; lastKnownFileType = sourcecode.swift; path = StubAppCoordinator.swift; sourceTree = "<group>"; };
		AA48F2822189DA1E004F1612 /* GalleryViewControllerTests.swift */ = {isa = PBXFileReference; lastKnownFileType = sourcecode.swift; path = GalleryViewControllerTests.swift; sourceTree = "<group>"; };
		AA48F2842189DA34004F1612 /* GalleryPresenterTests.swift */ = {isa = PBXFileReference; lastKnownFileType = sourcecode.swift; path = GalleryPresenterTests.swift; sourceTree = "<group>"; };
		AA48F2862189DA87004F1612 /* StubGalleryInteractor.swift */ = {isa = PBXFileReference; lastKnownFileType = sourcecode.swift; path = StubGalleryInteractor.swift; sourceTree = "<group>"; };
		AA48F2882189DCFC004F1612 /* StubGalleryView.swift */ = {isa = PBXFileReference; lastKnownFileType = sourcecode.swift; path = StubGalleryView.swift; sourceTree = "<group>"; };
		AA48F28A2189DEEC004F1612 /* StubGalleryPresenter.swift */ = {isa = PBXFileReference; lastKnownFileType = sourcecode.swift; path = StubGalleryPresenter.swift; sourceTree = "<group>"; };
		AA48F295218A00FF004F1612 /* URLFetchedAsyncImageTests.swift */ = {isa = PBXFileReference; lastKnownFileType = sourcecode.swift; path = URLFetchedAsyncImageTests.swift; sourceTree = "<group>"; };
		AA48F297218A0CF1004F1612 /* GalleryImageViewController.swift */ = {isa = PBXFileReference; lastKnownFileType = sourcecode.swift; path = GalleryImageViewController.swift; sourceTree = "<group>"; };
		AA48F29D218A1E5E004F1612 /* Collection+Safe.swift */ = {isa = PBXFileReference; lastKnownFileType = sourcecode.swift; path = "Collection+Safe.swift"; sourceTree = "<group>"; };
		AA8228532188FAEA009A0523 /* FlickrGallery.app */ = {isa = PBXFileReference; explicitFileType = wrapper.application; includeInIndex = 0; path = FlickrGallery.app; sourceTree = BUILT_PRODUCTS_DIR; };
		AA8228562188FAEA009A0523 /* AppDelegate.swift */ = {isa = PBXFileReference; lastKnownFileType = sourcecode.swift; path = AppDelegate.swift; sourceTree = "<group>"; };
		AA8228582188FAEA009A0523 /* GalleryViewController.swift */ = {isa = PBXFileReference; lastKnownFileType = sourcecode.swift; path = GalleryViewController.swift; sourceTree = "<group>"; };
		AA82285B2188FAEA009A0523 /* Base */ = {isa = PBXFileReference; lastKnownFileType = file.storyboard; name = Base; path = Base.lproj/Main.storyboard; sourceTree = "<group>"; };
		AA82285D2188FAEC009A0523 /* Assets.xcassets */ = {isa = PBXFileReference; lastKnownFileType = folder.assetcatalog; path = Assets.xcassets; sourceTree = "<group>"; };
		AA8228602188FAEC009A0523 /* Base */ = {isa = PBXFileReference; lastKnownFileType = file.storyboard; name = Base; path = Base.lproj/LaunchScreen.storyboard; sourceTree = "<group>"; };
		AA8228622188FAEC009A0523 /* Info.plist */ = {isa = PBXFileReference; lastKnownFileType = text.plist.xml; path = Info.plist; sourceTree = "<group>"; };
		AA8228672188FAEC009A0523 /* FlickrGalleryTests.xctest */ = {isa = PBXFileReference; explicitFileType = wrapper.cfbundle; includeInIndex = 0; path = FlickrGalleryTests.xctest; sourceTree = BUILT_PRODUCTS_DIR; };
		AA82286D2188FAEC009A0523 /* Info.plist */ = {isa = PBXFileReference; lastKnownFileType = text.plist.xml; path = Info.plist; sourceTree = "<group>"; };
		AA9325AA218904DA005E69DD /* GalleryInteractor.swift */ = {isa = PBXFileReference; lastKnownFileType = sourcecode.swift; path = GalleryInteractor.swift; sourceTree = "<group>"; };
		AA9325B72189097F005E69DD /* GalleryPresenter.swift */ = {isa = PBXFileReference; lastKnownFileType = sourcecode.swift; path = GalleryPresenter.swift; sourceTree = "<group>"; };
		AA9325B9218909BB005E69DD /* GalleryRouter.swift */ = {isa = PBXFileReference; lastKnownFileType = sourcecode.swift; path = GalleryRouter.swift; sourceTree = "<group>"; };
		AA9325BD21890B0A005E69DD /* AppCoordinator.swift */ = {isa = PBXFileReference; fileEncoding = 4; lastKnownFileType = sourcecode.swift; name = AppCoordinator.swift; path = FlickrGallery/AppCoordinator.swift; sourceTree = SOURCE_ROOT; };
		AAFBB3CA218B455400BFF63B /* Dispatcher.swift */ = {isa = PBXFileReference; fileEncoding = 4; lastKnownFileType = sourcecode.swift; path = Dispatcher.swift; sourceTree = "<group>"; };
		AAFBB3CB218B455400BFF63B /* AsyncImage.swift */ = {isa = PBXFileReference; fileEncoding = 4; lastKnownFileType = sourcecode.swift; path = AsyncImage.swift; sourceTree = "<group>"; };
/* End PBXFileReference section */

/* Begin PBXFrameworksBuildPhase section */
		AA8228502188FAEA009A0523 /* Frameworks */ = {
			isa = PBXFrameworksBuildPhase;
			buildActionMask = 2147483647;
			files = (
			);
			runOnlyForDeploymentPostprocessing = 0;
		};
		AA8228642188FAEC009A0523 /* Frameworks */ = {
			isa = PBXFrameworksBuildPhase;
			buildActionMask = 2147483647;
			files = (
			);
			runOnlyForDeploymentPostprocessing = 0;
		};
/* End PBXFrameworksBuildPhase section */

/* Begin PBXGroup section */
		AA48F2542189AC29004F1612 /* Entities */ = {
			isa = PBXGroup;
			children = (
				AA48F25B2189ACE8004F1612 /* ImageMetadata.swift */,
			);
			path = Entities;
			sourceTree = "<group>";
		};
		AA48F25F2189AD18004F1612 /* Stubs and Spies */ = {
			isa = PBXGroup;
			children = (
				AA48F2602189AD18004F1612 /* StubFlickrJsonLoader.swift */,
				AA48F26B2189BFA3004F1612 /* StubURLSession.swift */,
				AA48F2722189C7CC004F1612 /* SpySyncDispatcher.swift */,
				AA48F2802189D389004F1612 /* StubAppCoordinator.swift */,
				AA48F2862189DA87004F1612 /* StubGalleryInteractor.swift */,
				AA48F2882189DCFC004F1612 /* StubGalleryView.swift */,
				AA48F28A2189DEEC004F1612 /* StubGalleryPresenter.swift */,
			);
			path = "Stubs and Spies";
			sourceTree = "<group>";
		};
		AA48F2662189ADD6004F1612 /* Flickr Connector */ = {
			isa = PBXGroup;
			children = (
				AA48F2672189ADD6004F1612 /* FlickrJsonLoader.swift */,
			);
			path = "Flickr Connector";
			sourceTree = "<group>";
		};
		AA48F2742189CA10004F1612 /* Gallery Screen */ = {
			isa = PBXGroup;
			children = (
				AA48F2692189AE4E004F1612 /* GalleryInteractorTests.swift */,
				AA48F2822189DA1E004F1612 /* GalleryViewControllerTests.swift */,
				AA48F2842189DA34004F1612 /* GalleryPresenterTests.swift */,
			);
			path = "Gallery Screen";
			sourceTree = "<group>";
		};
		AA48F2752189CA1D004F1612 /* Flickr Connector */ = {
			isa = PBXGroup;
			children = (
				AA48F26D2189C091004F1612 /* FlickrJsonLoaderTests.swift */,
			);
			path = "Flickr Connector";
			sourceTree = "<group>";
		};
		AA48F2762189CA2C004F1612 /* Util */ = {
			isa = PBXGroup;
			children = (
				AA48F2772189CA5A004F1612 /* DispatcherTests.swift */,
				AA48F295218A00FF004F1612 /* URLFetchedAsyncImageTests.swift */,
			);
			path = Util;
			sourceTree = "<group>";
		};
		AA48F29C218A1E4F004F1612 /* Extensions */ = {
			isa = PBXGroup;
			children = (
				AA48F29D218A1E5E004F1612 /* Collection+Safe.swift */,
			);
			path = Extensions;
			sourceTree = "<group>";
		};
		AA82284A2188FAEA009A0523 = {
			isa = PBXGroup;
			children = (
				AA8228552188FAEA009A0523 /* FlickrGallery */,
				AA82286A2188FAEC009A0523 /* FlickrGalleryTests */,
				AA8228542188FAEA009A0523 /* Products */,
			);
			sourceTree = "<group>";
		};
		AA8228542188FAEA009A0523 /* Products */ = {
			isa = PBXGroup;
			children = (
				AA8228532188FAEA009A0523 /* FlickrGallery.app */,
				AA8228672188FAEC009A0523 /* FlickrGalleryTests.xctest */,
			);
			name = Products;
			sourceTree = "<group>";
		};
		AA8228552188FAEA009A0523 /* FlickrGallery */ = {
			isa = PBXGroup;
			children = (
				AA48F29C218A1E4F004F1612 /* Extensions */,
				AA48F2662189ADD6004F1612 /* Flickr Connector */,
				AA48F2542189AC29004F1612 /* Entities */,
				AA9325B62189093E005E69DD /* Gallery Screen */,
				AAFBB3C9218B455400BFF63B /* Util */,
				AA9325BD21890B0A005E69DD /* AppCoordinator.swift */,
				AA8228562188FAEA009A0523 /* AppDelegate.swift */,
				AA82285A2188FAEA009A0523 /* Main.storyboard */,
				AA82285D2188FAEC009A0523 /* Assets.xcassets */,
				AA82285F2188FAEC009A0523 /* LaunchScreen.storyboard */,
				AA8228622188FAEC009A0523 /* Info.plist */,
			);
			path = FlickrGallery;
			sourceTree = "<group>";
		};
		AA82286A2188FAEC009A0523 /* FlickrGalleryTests */ = {
			isa = PBXGroup;
			children = (
				AA48F27E2189D104004F1612 /* AppDelegateTests.swift */,
				AA48F27C2189CF30004F1612 /* AppCoordinatorTests.swift */,
				AA48F2752189CA1D004F1612 /* Flickr Connector */,
				AA48F2742189CA10004F1612 /* Gallery Screen */,
				AA48F2762189CA2C004F1612 /* Util */,
				AA48F25F2189AD18004F1612 /* Stubs and Spies */,
				AA48F2642189AD2F004F1612 /* Test.json */,
				AA82286D2188FAEC009A0523 /* Info.plist */,
			);
			path = FlickrGalleryTests;
			sourceTree = "<group>";
		};
		AA9325B62189093E005E69DD /* Gallery Screen */ = {
			isa = PBXGroup;
			children = (
				AA8228582188FAEA009A0523 /* GalleryViewController.swift */,
				AA48F297218A0CF1004F1612 /* GalleryImageViewController.swift */,
				AA9325AA218904DA005E69DD /* GalleryInteractor.swift */,
				AA9325B72189097F005E69DD /* GalleryPresenter.swift */,
				AA9325B9218909BB005E69DD /* GalleryRouter.swift */,
			);
			path = "Gallery Screen";
			sourceTree = "<group>";
		};
		AAFBB3C9218B455400BFF63B /* Util */ = {
			isa = PBXGroup;
			children = (
				AAFBB3CA218B455400BFF63B /* Dispatcher.swift */,
				AAFBB3CB218B455400BFF63B /* AsyncImage.swift */,
			);
			name = Util;
			path = ../../../FlickrGallery/FlickrGallery/Util;
			sourceTree = "<group>";
		};
/* End PBXGroup section */

/* Begin PBXNativeTarget section */
		AA8228522188FAEA009A0523 /* FlickrGallery */ = {
			isa = PBXNativeTarget;
			buildConfigurationList = AA8228702188FAEC009A0523 /* Build configuration list for PBXNativeTarget "FlickrGallery" */;
			buildPhases = (
				AA82284F2188FAEA009A0523 /* Sources */,
				AA8228502188FAEA009A0523 /* Frameworks */,
				AA8228512188FAEA009A0523 /* Resources */,
			);
			buildRules = (
			);
			dependencies = (
			);
			name = FlickrGallery;
			productName = FlickrGallery;
			productReference = AA8228532188FAEA009A0523 /* FlickrGallery.app */;
			productType = "com.apple.product-type.application";
		};
		AA8228662188FAEC009A0523 /* FlickrGalleryTests */ = {
			isa = PBXNativeTarget;
			buildConfigurationList = AA8228732188FAEC009A0523 /* Build configuration list for PBXNativeTarget "FlickrGalleryTests" */;
			buildPhases = (
				AA8228632188FAEC009A0523 /* Sources */,
				AA8228642188FAEC009A0523 /* Frameworks */,
				AA8228652188FAEC009A0523 /* Resources */,
			);
			buildRules = (
			);
			dependencies = (
				AA8228692188FAEC009A0523 /* PBXTargetDependency */,
			);
			name = FlickrGalleryTests;
			productName = FlickrGalleryTests;
			productReference = AA8228672188FAEC009A0523 /* FlickrGalleryTests.xctest */;
			productType = "com.apple.product-type.bundle.unit-test";
		};
/* End PBXNativeTarget section */

/* Begin PBXProject section */
		AA82284B2188FAEA009A0523 /* Project object */ = {
			isa = PBXProject;
			attributes = {
				LastSwiftUpdateCheck = 1000;
				LastUpgradeCheck = 1000;
				ORGANIZATIONNAME = Christian;
				TargetAttributes = {
					AA8228522188FAEA009A0523 = {
						CreatedOnToolsVersion = 10.0;
					};
					AA8228662188FAEC009A0523 = {
						CreatedOnToolsVersion = 10.0;
						LastSwiftMigration = 1000;
						TestTargetID = AA8228522188FAEA009A0523;
					};
				};
			};
			buildConfigurationList = AA82284E2188FAEA009A0523 /* Build configuration list for PBXProject "FlickrGallery" */;
			compatibilityVersion = "Xcode 9.3";
			developmentRegion = en;
			hasScannedForEncodings = 0;
			knownRegions = (
				en,
				Base,
			);
			mainGroup = AA82284A2188FAEA009A0523;
			productRefGroup = AA8228542188FAEA009A0523 /* Products */;
			projectDirPath = "";
			projectRoot = "";
			targets = (
				AA8228522188FAEA009A0523 /* FlickrGallery */,
				AA8228662188FAEC009A0523 /* FlickrGalleryTests */,
			);
		};
/* End PBXProject section */

/* Begin PBXResourcesBuildPhase section */
		AA8228512188FAEA009A0523 /* Resources */ = {
			isa = PBXResourcesBuildPhase;
			buildActionMask = 2147483647;
			files = (
				AA8228612188FAEC009A0523 /* LaunchScreen.storyboard in Resources */,
				AA82285E2188FAEC009A0523 /* Assets.xcassets in Resources */,
				AA82285C2188FAEA009A0523 /* Main.storyboard in Resources */,
			);
			runOnlyForDeploymentPostprocessing = 0;
		};
		AA8228652188FAEC009A0523 /* Resources */ = {
			isa = PBXResourcesBuildPhase;
			buildActionMask = 2147483647;
			files = (
				AA48F2652189AD2F004F1612 /* Test.json in Resources */,
			);
			runOnlyForDeploymentPostprocessing = 0;
		};
/* End PBXResourcesBuildPhase section */

/* Begin PBXSourcesBuildPhase section */
		AA82284F2188FAEA009A0523 /* Sources */ = {
			isa = PBXSourcesBuildPhase;
			buildActionMask = 2147483647;
			files = (
				AA9325B82189097F005E69DD /* GalleryPresenter.swift in Sources */,
				AA48F298218A0CF1004F1612 /* GalleryImageViewController.swift in Sources */,
				AA8228592188FAEA009A0523 /* GalleryViewController.swift in Sources */,
				AA48F25C2189ACE8004F1612 /* ImageMetadata.swift in Sources */,
				AAFBB3CD218B455400BFF63B /* AsyncImage.swift in Sources */,
				AA48F29E218A1E5E004F1612 /* Collection+Safe.swift in Sources */,
				AA9325BA218909BB005E69DD /* GalleryRouter.swift in Sources */,
				AA8228572188FAEA009A0523 /* AppDelegate.swift in Sources */,
				AAFBB3CC218B455400BFF63B /* Dispatcher.swift in Sources */,
				AA48F2682189ADD6004F1612 /* FlickrJsonLoader.swift in Sources */,
				AA9325AB218904DA005E69DD /* GalleryInteractor.swift in Sources */,
				AA9325BE21890B0A005E69DD /* AppCoordinator.swift in Sources */,
			);
			runOnlyForDeploymentPostprocessing = 0;
		};
		AA8228632188FAEC009A0523 /* Sources */ = {
			isa = PBXSourcesBuildPhase;
			buildActionMask = 2147483647;
			files = (
				AA48F27F2189D104004F1612 /* AppDelegateTests.swift in Sources */,
				AA48F2872189DA87004F1612 /* StubGalleryInteractor.swift in Sources */,
				AA48F296218A00FF004F1612 /* URLFetchedAsyncImageTests.swift in Sources */,
				AA48F2622189AD18004F1612 /* StubFlickrJsonLoader.swift in Sources */,
				AA48F2832189DA1E004F1612 /* GalleryViewControllerTests.swift in Sources */,
				AA48F26E2189C091004F1612 /* FlickrJsonLoaderTests.swift in Sources */,
				AA48F2892189DCFC004F1612 /* StubGalleryView.swift in Sources */,
				AA48F28B2189DEEC004F1612 /* StubGalleryPresenter.swift in Sources */,
				AA48F2782189CA5A004F1612 /* DispatcherTests.swift in Sources */,
				AA48F2852189DA34004F1612 /* GalleryPresenterTests.swift in Sources */,
				AA48F2812189D389004F1612 /* StubAppCoordinator.swift in Sources */,
				AA48F26C2189BFA3004F1612 /* StubURLSession.swift in Sources */,
				AA48F26A2189AE4E004F1612 /* GalleryInteractorTests.swift in Sources */,
				AA48F2732189C7CC004F1612 /* SpySyncDispatcher.swift in Sources */,
				AA48F27D2189CF30004F1612 /* AppCoordinatorTests.swift in Sources */,
			);
			runOnlyForDeploymentPostprocessing = 0;
		};
/* End PBXSourcesBuildPhase section */

/* Begin PBXTargetDependency section */
		AA8228692188FAEC009A0523 /* PBXTargetDependency */ = {
			isa = PBXTargetDependency;
			target = AA8228522188FAEA009A0523 /* FlickrGallery */;
			targetProxy = AA8228682188FAEC009A0523 /* PBXContainerItemProxy */;
		};
/* End PBXTargetDependency section */

/* Begin PBXVariantGroup section */
		AA82285A2188FAEA009A0523 /* Main.storyboard */ = {
			isa = PBXVariantGroup;
			children = (
				AA82285B2188FAEA009A0523 /* Base */,
			);
			name = Main.storyboard;
			sourceTree = "<group>";
		};
		AA82285F2188FAEC009A0523 /* LaunchScreen.storyboard */ = {
			isa = PBXVariantGroup;
			children = (
				AA8228602188FAEC009A0523 /* Base */,
			);
			name = LaunchScreen.storyboard;
			sourceTree = "<group>";
		};
/* End PBXVariantGroup section */

/* Begin XCBuildConfiguration section */
		AA82286E2188FAEC009A0523 /* Debug */ = {
			isa = XCBuildConfiguration;
			buildSettings = {
				ALWAYS_SEARCH_USER_PATHS = NO;
				CLANG_ANALYZER_NONNULL = YES;
				CLANG_ANALYZER_NUMBER_OBJECT_CONVERSION = YES_AGGRESSIVE;
				CLANG_CXX_LANGUAGE_STANDARD = "gnu++14";
				CLANG_CXX_LIBRARY = "libc++";
				CLANG_ENABLE_MODULES = YES;
				CLANG_ENABLE_OBJC_ARC = YES;
				CLANG_ENABLE_OBJC_WEAK = YES;
				CLANG_WARN_BLOCK_CAPTURE_AUTORELEASING = YES;
				CLANG_WARN_BOOL_CONVERSION = YES;
				CLANG_WARN_COMMA = YES;
				CLANG_WARN_CONSTANT_CONVERSION = YES;
				CLANG_WARN_DEPRECATED_OBJC_IMPLEMENTATIONS = YES;
				CLANG_WARN_DIRECT_OBJC_ISA_USAGE = YES_ERROR;
				CLANG_WARN_DOCUMENTATION_COMMENTS = YES;
				CLANG_WARN_EMPTY_BODY = YES;
				CLANG_WARN_ENUM_CONVERSION = YES;
				CLANG_WARN_INFINITE_RECURSION = YES;
				CLANG_WARN_INT_CONVERSION = YES;
				CLANG_WARN_NON_LITERAL_NULL_CONVERSION = YES;
				CLANG_WARN_OBJC_IMPLICIT_RETAIN_SELF = YES;
				CLANG_WARN_OBJC_LITERAL_CONVERSION = YES;
				CLANG_WARN_OBJC_ROOT_CLASS = YES_ERROR;
				CLANG_WARN_RANGE_LOOP_ANALYSIS = YES;
				CLANG_WARN_STRICT_PROTOTYPES = YES;
				CLANG_WARN_SUSPICIOUS_MOVE = YES;
				CLANG_WARN_UNGUARDED_AVAILABILITY = YES_AGGRESSIVE;
				CLANG_WARN_UNREACHABLE_CODE = YES;
				CLANG_WARN__DUPLICATE_METHOD_MATCH = YES;
				CODE_SIGN_IDENTITY = "iPhone Developer";
				COPY_PHASE_STRIP = NO;
				DEBUG_INFORMATION_FORMAT = dwarf;
				ENABLE_STRICT_OBJC_MSGSEND = YES;
				ENABLE_TESTABILITY = YES;
				GCC_C_LANGUAGE_STANDARD = gnu11;
				GCC_DYNAMIC_NO_PIC = NO;
				GCC_NO_COMMON_BLOCKS = YES;
				GCC_OPTIMIZATION_LEVEL = 0;
				GCC_PREPROCESSOR_DEFINITIONS = (
					"DEBUG=1",
					"$(inherited)",
				);
				GCC_WARN_64_TO_32_BIT_CONVERSION = YES;
				GCC_WARN_ABOUT_RETURN_TYPE = YES_ERROR;
				GCC_WARN_UNDECLARED_SELECTOR = YES;
				GCC_WARN_UNINITIALIZED_AUTOS = YES_AGGRESSIVE;
				GCC_WARN_UNUSED_FUNCTION = YES;
				GCC_WARN_UNUSED_VARIABLE = YES;
				IPHONEOS_DEPLOYMENT_TARGET = 12.0;
				MTL_ENABLE_DEBUG_INFO = INCLUDE_SOURCE;
				MTL_FAST_MATH = YES;
				ONLY_ACTIVE_ARCH = YES;
				SDKROOT = iphoneos;
				SWIFT_ACTIVE_COMPILATION_CONDITIONS = DEBUG;
				SWIFT_OPTIMIZATION_LEVEL = "-Onone";
			};
			name = Debug;
		};
		AA82286F2188FAEC009A0523 /* Release */ = {
			isa = XCBuildConfiguration;
			buildSettings = {
				ALWAYS_SEARCH_USER_PATHS = NO;
				CLANG_ANALYZER_NONNULL = YES;
				CLANG_ANALYZER_NUMBER_OBJECT_CONVERSION = YES_AGGRESSIVE;
				CLANG_CXX_LANGUAGE_STANDARD = "gnu++14";
				CLANG_CXX_LIBRARY = "libc++";
				CLANG_ENABLE_MODULES = YES;
				CLANG_ENABLE_OBJC_ARC = YES;
				CLANG_ENABLE_OBJC_WEAK = YES;
				CLANG_WARN_BLOCK_CAPTURE_AUTORELEASING = YES;
				CLANG_WARN_BOOL_CONVERSION = YES;
				CLANG_WARN_COMMA = YES;
				CLANG_WARN_CONSTANT_CONVERSION = YES;
				CLANG_WARN_DEPRECATED_OBJC_IMPLEMENTATIONS = YES;
				CLANG_WARN_DIRECT_OBJC_ISA_USAGE = YES_ERROR;
				CLANG_WARN_DOCUMENTATION_COMMENTS = YES;
				CLANG_WARN_EMPTY_BODY = YES;
				CLANG_WARN_ENUM_CONVERSION = YES;
				CLANG_WARN_INFINITE_RECURSION = YES;
				CLANG_WARN_INT_CONVERSION = YES;
				CLANG_WARN_NON_LITERAL_NULL_CONVERSION = YES;
				CLANG_WARN_OBJC_IMPLICIT_RETAIN_SELF = YES;
				CLANG_WARN_OBJC_LITERAL_CONVERSION = YES;
				CLANG_WARN_OBJC_ROOT_CLASS = YES_ERROR;
				CLANG_WARN_RANGE_LOOP_ANALYSIS = YES;
				CLANG_WARN_STRICT_PROTOTYPES = YES;
				CLANG_WARN_SUSPICIOUS_MOVE = YES;
				CLANG_WARN_UNGUARDED_AVAILABILITY = YES_AGGRESSIVE;
				CLANG_WARN_UNREACHABLE_CODE = YES;
				CLANG_WARN__DUPLICATE_METHOD_MATCH = YES;
				CODE_SIGN_IDENTITY = "iPhone Developer";
				COPY_PHASE_STRIP = NO;
				DEBUG_INFORMATION_FORMAT = "dwarf-with-dsym";
				ENABLE_NS_ASSERTIONS = NO;
				ENABLE_STRICT_OBJC_MSGSEND = YES;
				GCC_C_LANGUAGE_STANDARD = gnu11;
				GCC_NO_COMMON_BLOCKS = YES;
				GCC_WARN_64_TO_32_BIT_CONVERSION = YES;
				GCC_WARN_ABOUT_RETURN_TYPE = YES_ERROR;
				GCC_WARN_UNDECLARED_SELECTOR = YES;
				GCC_WARN_UNINITIALIZED_AUTOS = YES_AGGRESSIVE;
				GCC_WARN_UNUSED_FUNCTION = YES;
				GCC_WARN_UNUSED_VARIABLE = YES;
				IPHONEOS_DEPLOYMENT_TARGET = 12.0;
				MTL_ENABLE_DEBUG_INFO = NO;
				MTL_FAST_MATH = YES;
				SDKROOT = iphoneos;
				SWIFT_COMPILATION_MODE = wholemodule;
				SWIFT_OPTIMIZATION_LEVEL = "-O";
				VALIDATE_PRODUCT = YES;
			};
			name = Release;
		};
		AA8228712188FAEC009A0523 /* Debug */ = {
			isa = XCBuildConfiguration;
			buildSettings = {
				ASSETCATALOG_COMPILER_APPICON_NAME = AppIcon;
				CODE_SIGN_STYLE = Automatic;
				INFOPLIST_FILE = FlickrGallery/Info.plist;
				LD_RUNPATH_SEARCH_PATHS = (
					"$(inherited)",
					"@executable_path/Frameworks",
				);
				PRODUCT_BUNDLE_IDENTIFIER = com.exercise.FlickrGallery;
				PRODUCT_NAME = "$(TARGET_NAME)";
				SWIFT_VERSION = 4.2;
				TARGETED_DEVICE_FAMILY = "1,2";
			};
			name = Debug;
		};
		AA8228722188FAEC009A0523 /* Release */ = {
			isa = XCBuildConfiguration;
			buildSettings = {
				ASSETCATALOG_COMPILER_APPICON_NAME = AppIcon;
				CODE_SIGN_STYLE = Automatic;
				INFOPLIST_FILE = FlickrGallery/Info.plist;
				LD_RUNPATH_SEARCH_PATHS = (
					"$(inherited)",
					"@executable_path/Frameworks",
				);
				PRODUCT_BUNDLE_IDENTIFIER = com.exercise.FlickrGallery;
				PRODUCT_NAME = "$(TARGET_NAME)";
				SWIFT_VERSION = 4.2;
				TARGETED_DEVICE_FAMILY = "1,2";
			};
			name = Release;
		};
		AA8228742188FAEC009A0523 /* Debug */ = {
			isa = XCBuildConfiguration;
			buildSettings = {
				ALWAYS_EMBED_SWIFT_STANDARD_LIBRARIES = YES;
				BUNDLE_LOADER = "$(TEST_HOST)";
				CLANG_ENABLE_MODULES = YES;
				CODE_SIGN_STYLE = Automatic;
				INFOPLIST_FILE = FlickrGalleryTests/Info.plist;
				LD_RUNPATH_SEARCH_PATHS = (
					"$(inherited)",
					"@executable_path/Frameworks",
					"@loader_path/Frameworks",
				);
				PRODUCT_BUNDLE_IDENTIFIER = com.exercise.FlickrGalleryTests;
				PRODUCT_NAME = "$(TARGET_NAME)";
				SWIFT_OPTIMIZATION_LEVEL = "-Onone";
				SWIFT_VERSION = 4.2;
				TARGETED_DEVICE_FAMILY = "1,2";
				TEST_HOST = "$(BUILT_PRODUCTS_DIR)/FlickrGallery.app/FlickrGallery";
			};
			name = Debug;
		};
		AA8228752188FAEC009A0523 /* Release */ = {
			isa = XCBuildConfiguration;
			buildSettings = {
				ALWAYS_EMBED_SWIFT_STANDARD_LIBRARIES = YES;
				BUNDLE_LOADER = "$(TEST_HOST)";
				CLANG_ENABLE_MODULES = YES;
				CODE_SIGN_STYLE = Automatic;
				INFOPLIST_FILE = FlickrGalleryTests/Info.plist;
				LD_RUNPATH_SEARCH_PATHS = (
					"$(inherited)",
					"@executable_path/Frameworks",
					"@loader_path/Frameworks",
				);
				PRODUCT_BUNDLE_IDENTIFIER = com.exercise.FlickrGalleryTests;
				PRODUCT_NAME = "$(TARGET_NAME)";
				SWIFT_VERSION = 4.2;
				TARGETED_DEVICE_FAMILY = "1,2";
				TEST_HOST = "$(BUILT_PRODUCTS_DIR)/FlickrGallery.app/FlickrGallery";
			};
			name = Release;
		};
/* End XCBuildConfiguration section */

/* Begin XCConfigurationList section */
		AA82284E2188FAEA009A0523 /* Build configuration list for PBXProject "FlickrGallery" */ = {
			isa = XCConfigurationList;
			buildConfigurations = (
				AA82286E2188FAEC009A0523 /* Debug */,
				AA82286F2188FAEC009A0523 /* Release */,
			);
			defaultConfigurationIsVisible = 0;
			defaultConfigurationName = Release;
		};
		AA8228702188FAEC009A0523 /* Build configuration list for PBXNativeTarget "FlickrGallery" */ = {
			isa = XCConfigurationList;
			buildConfigurations = (
				AA8228712188FAEC009A0523 /* Debug */,
				AA8228722188FAEC009A0523 /* Release */,
			);
			defaultConfigurationIsVisible = 0;
			defaultConfigurationName = Release;
		};
		AA8228732188FAEC009A0523 /* Build configuration list for PBXNativeTarget "FlickrGalleryTests" */ = {
			isa = XCConfigurationList;
			buildConfigurations = (
				AA8228742188FAEC009A0523 /* Debug */,
				AA8228752188FAEC009A0523 /* Release */,
			);
			defaultConfigurationIsVisible = 0;
			defaultConfigurationName = Release;
		};
/* End XCConfigurationList section */
	};
	rootObject = AA82284B2188FAEA009A0523 /* Project object */;
}
